// !$*UTF8*$!
{
	archiveVersion = 1;
	classes = {
	};
	objectVersion = 46;
	objects = {

/* Begin PBXBuildFile section */
		6BBB74730B6D4626A6E9A5C9 /* Images.xcassets in Resources */ = {isa = PBXBuildFile; fileRef = 4813488BE73F4333923558E4 /* Images.xcassets */; };
		6C72C30B078E48F38FB361F5 /* main.m in Sources */ = {isa = PBXBuildFile; fileRef = 23D17FE5D8F54323ABC460E3 /* main.m */; };
		A6898564E22147A1A7BD2005 /* libPods.a in Frameworks */ = {isa = PBXBuildFile; fileRef = 92AAAAE85221462BA51E2E9B /* libPods.a */; };
		B3AD821AE08741E9AC1A193C /* Foundation.framework in Frameworks */ = {isa = PBXBuildFile; fileRef = 2BCAA2DF7DC242F9AF793814 /* Foundation.framework */; };
		BE91463476444A4C95457CB7 /* libPods-unit_tests.a in Frameworks */ = {isa = PBXBuildFile; fileRef = 9EC6FEA031F44345B5585515 /* libPods-unit_tests.a */; };
		CCFC21255AB345FA8C9EC40C /* AppDelegate.m in Sources */ = {isa = PBXBuildFile; fileRef = 74124964C24542F380E2EEA7 /* AppDelegate.m */; };
		E9E2B0F919CB1535002EEA55 /* MainStoryboard.storyboard in Resources */ = {isa = PBXBuildFile; fileRef = E9E2B0F819CB1535002EEA55 /* MainStoryboard.storyboard */; };
		E9E2B0FD19CB15FD002EEA55 /* LoginViewController.m in Sources */ = {isa = PBXBuildFile; fileRef = E9E2B0FC19CB15FD002EEA55 /* LoginViewController.m */; };
		E9E2B10119CB219E002EEA55 /* Keys.plist in Resources */ = {isa = PBXBuildFile; fileRef = E9E2B10019CB219E002EEA55 /* Keys.plist */; };
		E9E2B10519CB326F002EEA55 /* Constants.m in Sources */ = {isa = PBXBuildFile; fileRef = E9E2B10419CB326F002EEA55 /* Constants.m */; };
		E9EB4F1A19CB482700F1C27D /* ProfileViewController.m in Sources */ = {isa = PBXBuildFile; fileRef = E9EB4F1919CB482700F1C27D /* ProfileViewController.m */; };
		E9EB4F1E19CB4C2400F1C27D /* HomeViewController.m in Sources */ = {isa = PBXBuildFile; fileRef = E9EB4F1D19CB4C2400F1C27D /* HomeViewController.m */; };
		E9EB4F2219CB51FF00F1C27D /* SettingsViewController.m in Sources */ = {isa = PBXBuildFile; fileRef = E9EB4F2119CB51FF00F1C27D /* SettingsViewController.m */; };
/* End PBXBuildFile section */

/* Begin PBXContainerItemProxy section */
		D106DE783C234116A8939FC5 /* PBXContainerItemProxy */ = {
			isa = PBXContainerItemProxy;
			containerPortal = 459140C9825F46A1AD77D02A /* Project object */;
			proxyType = 1;
			remoteGlobalIDString = 2CD579BAD01E4D3192231D80;
			remoteInfo = MatchedUp;
		};
/* End PBXContainerItemProxy section */

/* Begin PBXFileReference section */
		040568EAF48D45D1BB84D044 /* MatchedUp.app */ = {isa = PBXFileReference; explicitFileType = wrapper.application; includeInIndex = 0; path = MatchedUp.app; sourceTree = BUILT_PRODUCTS_DIR; };
		20DFCE42C5364DC798E7FBF7 /* Pods.xcconfig */ = {isa = PBXFileReference; includeInIndex = 1; lastKnownFileType = text.xcconfig; name = Pods.xcconfig; path = Pods/Pods.xcconfig; sourceTree = "<group>"; };
		23D17FE5D8F54323ABC460E3 /* main.m */ = {isa = PBXFileReference; includeInIndex = 1; lastKnownFileType = sourcecode.c.objc; path = main.m; sourceTree = "<group>"; };
		2BCAA2DF7DC242F9AF793814 /* Foundation.framework */ = {isa = PBXFileReference; lastKnownFileType = wrapper.framework; name = Foundation.framework; path = Platforms/iPhoneOS.platform/Developer/SDKs/iPhoneOS7.0.sdk/System/Library/Frameworks/Foundation.framework; sourceTree = DEVELOPER_DIR; };
		35C393EA7E4D46B4AC705D2B /* MatchedUp-Info.plist */ = {isa = PBXFileReference; includeInIndex = 1; lastKnownFileType = text.plist.xml; path = "MatchedUp-Info.plist"; sourceTree = "<group>"; };
		3A55657FA2E04E91A8272617 /* Pods-unit_tests.xcconfig */ = {isa = PBXFileReference; includeInIndex = 1; lastKnownFileType = text.xcconfig; name = "Pods-unit_tests.xcconfig"; path = "Pods/Pods-unit_tests.xcconfig"; sourceTree = "<group>"; };
		4813488BE73F4333923558E4 /* Images.xcassets */ = {isa = PBXFileReference; includeInIndex = 1; lastKnownFileType = folder.assetcatalog; path = Images.xcassets; sourceTree = "<group>"; };
		6D2773AE25CD434BB9DE6880 /* MatchedUp-Prefix.pch */ = {isa = PBXFileReference; includeInIndex = 1; lastKnownFileType = sourcecode.c.h; path = "MatchedUp-Prefix.pch"; sourceTree = "<group>"; };
		702FD1D3ED9B434FA4A109C8 /* AppDelegate.h */ = {isa = PBXFileReference; includeInIndex = 1; lastKnownFileType = sourcecode.c.h; path = AppDelegate.h; sourceTree = "<group>"; };
		722BABD7CE2949799A53A65A /* UnitTests-Prefix.pch */ = {isa = PBXFileReference; includeInIndex = 1; lastKnownFileType = sourcecode.c.h; path = "UnitTests-Prefix.pch"; sourceTree = "<group>"; };
		74124964C24542F380E2EEA7 /* AppDelegate.m */ = {isa = PBXFileReference; includeInIndex = 1; lastKnownFileType = sourcecode.c.objc; path = AppDelegate.m; sourceTree = "<group>"; };
		927F6AD5C5BD4619BB07554B /* UnitTests-Info.plist */ = {isa = PBXFileReference; includeInIndex = 1; lastKnownFileType = text.plist.xml; path = "UnitTests-Info.plist"; sourceTree = "<group>"; };
		92AAAAE85221462BA51E2E9B /* libPods.a */ = {isa = PBXFileReference; explicitFileType = archive.ar; includeInIndex = 0; path = libPods.a; sourceTree = BUILT_PRODUCTS_DIR; };
		9EC6FEA031F44345B5585515 /* libPods-unit_tests.a */ = {isa = PBXFileReference; explicitFileType = archive.ar; includeInIndex = 0; path = "libPods-unit_tests.a"; sourceTree = BUILT_PRODUCTS_DIR; };
		E9E2B0F819CB1535002EEA55 /* MainStoryboard.storyboard */ = {isa = PBXFileReference; fileEncoding = 4; lastKnownFileType = file.storyboard; path = MainStoryboard.storyboard; sourceTree = "<group>"; };
		E9E2B0FB19CB15FD002EEA55 /* LoginViewController.h */ = {isa = PBXFileReference; fileEncoding = 4; lastKnownFileType = sourcecode.c.h; path = LoginViewController.h; sourceTree = "<group>"; };
		E9E2B0FC19CB15FD002EEA55 /* LoginViewController.m */ = {isa = PBXFileReference; fileEncoding = 4; lastKnownFileType = sourcecode.c.objc; path = LoginViewController.m; sourceTree = "<group>"; };
		E9E2B10019CB219E002EEA55 /* Keys.plist */ = {isa = PBXFileReference; fileEncoding = 4; lastKnownFileType = text.plist.xml; path = Keys.plist; sourceTree = "<group>"; };
		E9E2B10319CB326F002EEA55 /* Constants.h */ = {isa = PBXFileReference; fileEncoding = 4; lastKnownFileType = sourcecode.c.h; path = Constants.h; sourceTree = "<group>"; };
		E9E2B10419CB326F002EEA55 /* Constants.m */ = {isa = PBXFileReference; fileEncoding = 4; lastKnownFileType = sourcecode.c.objc; path = Constants.m; sourceTree = "<group>"; };
		E9EB4F1819CB482700F1C27D /* ProfileViewController.h */ = {isa = PBXFileReference; fileEncoding = 4; lastKnownFileType = sourcecode.c.h; path = ProfileViewController.h; sourceTree = "<group>"; };
		E9EB4F1919CB482700F1C27D /* ProfileViewController.m */ = {isa = PBXFileReference; fileEncoding = 4; lastKnownFileType = sourcecode.c.objc; path = ProfileViewController.m; sourceTree = "<group>"; };
		E9EB4F1C19CB4C2400F1C27D /* HomeViewController.h */ = {isa = PBXFileReference; fileEncoding = 4; lastKnownFileType = sourcecode.c.h; path = HomeViewController.h; sourceTree = "<group>"; };
		E9EB4F1D19CB4C2400F1C27D /* HomeViewController.m */ = {isa = PBXFileReference; fileEncoding = 4; lastKnownFileType = sourcecode.c.objc; path = HomeViewController.m; sourceTree = "<group>"; };
		E9EB4F2019CB51FF00F1C27D /* SettingsViewController.h */ = {isa = PBXFileReference; fileEncoding = 4; lastKnownFileType = sourcecode.c.h; path = SettingsViewController.h; sourceTree = "<group>"; };
		E9EB4F2119CB51FF00F1C27D /* SettingsViewController.m */ = {isa = PBXFileReference; fileEncoding = 4; lastKnownFileType = sourcecode.c.objc; path = SettingsViewController.m; sourceTree = "<group>"; };
		F70DBE4552C641049C4D89ED /* UnitTests.xctest */ = {isa = PBXFileReference; explicitFileType = wrapper.cfbundle; includeInIndex = 0; path = UnitTests.xctest; sourceTree = BUILT_PRODUCTS_DIR; };
/* End PBXFileReference section */

/* Begin PBXFrameworksBuildPhase section */
		26C700F9989146F3B8D27F5E /* Frameworks */ = {
			isa = PBXFrameworksBuildPhase;
			buildActionMask = 2147483647;
			files = (
				B3AD821AE08741E9AC1A193C /* Foundation.framework in Frameworks */,
				A6898564E22147A1A7BD2005 /* libPods.a in Frameworks */,
			);
			runOnlyForDeploymentPostprocessing = 0;
		};
		CAFA3B3B23A14BEBA8F64484 /* Frameworks */ = {
			isa = PBXFrameworksBuildPhase;
			buildActionMask = 2147483647;
			files = (
				BE91463476444A4C95457CB7 /* libPods-unit_tests.a in Frameworks */,
			);
			runOnlyForDeploymentPostprocessing = 0;
		};
/* End PBXFrameworksBuildPhase section */

/* Begin PBXGroup section */
		08A4E6B23FC94A808304D551 /* Products */ = {
			isa = PBXGroup;
			children = (
				040568EAF48D45D1BB84D044 /* MatchedUp.app */,
				F70DBE4552C641049C4D89ED /* UnitTests.xctest */,
			);
			name = Products;
			sourceTree = "<group>";
		};
		0BEBD613D083474CB908FA9A /* Other-Sources */ = {
			isa = PBXGroup;
			children = (
				35C393EA7E4D46B4AC705D2B /* MatchedUp-Info.plist */,
				6D2773AE25CD434BB9DE6880 /* MatchedUp-Prefix.pch */,
				23D17FE5D8F54323ABC460E3 /* main.m */,
				E9E2B10019CB219E002EEA55 /* Keys.plist */,
			);
			path = "Other-Sources";
			sourceTree = "<group>";
		};
		0C786B3CA9B84C5DA07628DA /* Models */ = {
			isa = PBXGroup;
			children = (
			);
			path = Models;
			sourceTree = "<group>";
		};
		20B578DA2B4B421086598FDE /* MatchedUp */ = {
			isa = PBXGroup;
			children = (
				B8684009641A4633A127A031 /* Categories */,
				A5789795975941BE828DA1E4 /* Classes */,
				ED032F3C05AC4C039CF461A9 /* Constants */,
				724D435DF43E442B9ABB5B90 /* Resources */,
			);
			path = MatchedUp;
			sourceTree = "<group>";
		};
		320D020B06784B5B92764513 /* Frameworks */ = {
			isa = PBXGroup;
			children = (
				C609A63B3671497AA523FC61 /* iOS */,
				9EC6FEA031F44345B5585515 /* libPods-unit_tests.a */,
				92AAAAE85221462BA51E2E9B /* libPods.a */,
			);
			name = Frameworks;
			sourceTree = "<group>";
		};
		4CDAAFE43A7F49839CD753E7 /* UnitTests */ = {
			isa = PBXGroup;
			children = (
				DDD67FBFBEAB4CB381422ED6 /* Resources */,
				6CAC360BEA81463EBF557129 /* Tests */,
			);
			path = UnitTests;
			sourceTree = "<group>";
		};
		6CAC360BEA81463EBF557129 /* Tests */ = {
			isa = PBXGroup;
			children = (
			);
			path = Tests;
			sourceTree = "<group>";
		};
		724D435DF43E442B9ABB5B90 /* Resources */ = {
			isa = PBXGroup;
			children = (
				4813488BE73F4333923558E4 /* Images.xcassets */,
				A3C23D32312E43FDB357D10A /* Storyboards */,
				FB89160117034E769A329B3D /* Nibs */,
				0BEBD613D083474CB908FA9A /* Other-Sources */,
			);
			path = Resources;
			sourceTree = "<group>";
		};
		8C9BC372CAE348DABA518A0C = {
			isa = PBXGroup;
			children = (
				20B578DA2B4B421086598FDE /* MatchedUp */,
				4CDAAFE43A7F49839CD753E7 /* UnitTests */,
				320D020B06784B5B92764513 /* Frameworks */,
				08A4E6B23FC94A808304D551 /* Products */,
				3A55657FA2E04E91A8272617 /* Pods-unit_tests.xcconfig */,
				20DFCE42C5364DC798E7FBF7 /* Pods.xcconfig */,
			);
			indentWidth = 4;
			sourceTree = "<group>";
			tabWidth = 4;
			usesTabs = 0;
		};
		A3C23D32312E43FDB357D10A /* Storyboards */ = {
			isa = PBXGroup;
			children = (
				E9E2B0F819CB1535002EEA55 /* MainStoryboard.storyboard */,
			);
			path = Storyboards;
			sourceTree = "<group>";
		};
		A5789795975941BE828DA1E4 /* Classes */ = {
			isa = PBXGroup;
			children = (
				F2786DE5CC8540BCA4606B11 /* Controllers */,
				DFA269F605F84BAD80980803 /* DataSources */,
				ADCE9C2FA3814352AF7D9663 /* Delegates */,
				0C786B3CA9B84C5DA07628DA /* Models */,
				D58CF190082F4859A5742836 /* ViewControllers */,
				F27791F661814B7E9DBAB4F5 /* Views */,
			);
			path = Classes;
			sourceTree = "<group>";
		};
		ADCE9C2FA3814352AF7D9663 /* Delegates */ = {
			isa = PBXGroup;
			children = (
				702FD1D3ED9B434FA4A109C8 /* AppDelegate.h */,
				74124964C24542F380E2EEA7 /* AppDelegate.m */,
			);
			path = Delegates;
			sourceTree = "<group>";
		};
		B8684009641A4633A127A031 /* Categories */ = {
			isa = PBXGroup;
			children = (
			);
			path = Categories;
			sourceTree = "<group>";
		};
		C609A63B3671497AA523FC61 /* iOS */ = {
			isa = PBXGroup;
			children = (
				2BCAA2DF7DC242F9AF793814 /* Foundation.framework */,
			);
			name = iOS;
			sourceTree = "<group>";
		};
		D58CF190082F4859A5742836 /* ViewControllers */ = {
			isa = PBXGroup;
			children = (
				E9EB4F1F19CB51EE00F1C27D /* Settings */,
				E9EB4F1B19CB4C1A00F1C27D /* Home */,
				E9EB4F1719CB481000F1C27D /* Profile */,
				E9E2B0FA19CB15E6002EEA55 /* Login */,
			);
			path = ViewControllers;
			sourceTree = "<group>";
		};
		DDD67FBFBEAB4CB381422ED6 /* Resources */ = {
			isa = PBXGroup;
			children = (
				927F6AD5C5BD4619BB07554B /* UnitTests-Info.plist */,
				722BABD7CE2949799A53A65A /* UnitTests-Prefix.pch */,
			);
			path = Resources;
			sourceTree = "<group>";
		};
		DFA269F605F84BAD80980803 /* DataSources */ = {
			isa = PBXGroup;
			children = (
			);
			path = DataSources;
			sourceTree = "<group>";
		};
		E9E2B0FA19CB15E6002EEA55 /* Login */ = {
			isa = PBXGroup;
			children = (
				E9E2B0FB19CB15FD002EEA55 /* LoginViewController.h */,
				E9E2B0FC19CB15FD002EEA55 /* LoginViewController.m */,
			);
			path = Login;
			sourceTree = "<group>";
		};
		E9EB4F1719CB481000F1C27D /* Profile */ = {
			isa = PBXGroup;
			children = (
				E9EB4F1819CB482700F1C27D /* ProfileViewController.h */,
				E9EB4F1919CB482700F1C27D /* ProfileViewController.m */,
			);
			name = Profile;
			sourceTree = "<group>";
		};
		E9EB4F1B19CB4C1A00F1C27D /* Home */ = {
			isa = PBXGroup;
			children = (
				E9EB4F1C19CB4C2400F1C27D /* HomeViewController.h */,
				E9EB4F1D19CB4C2400F1C27D /* HomeViewController.m */,
			);
			name = Home;
			sourceTree = "<group>";
		};
		E9EB4F1F19CB51EE00F1C27D /* Settings */ = {
			isa = PBXGroup;
			children = (
				E9EB4F2019CB51FF00F1C27D /* SettingsViewController.h */,
				E9EB4F2119CB51FF00F1C27D /* SettingsViewController.m */,
			);
			name = Settings;
			sourceTree = "<group>";
		};
		ED032F3C05AC4C039CF461A9 /* Constants */ = {
			isa = PBXGroup;
			children = (
				E9E2B10319CB326F002EEA55 /* Constants.h */,
				E9E2B10419CB326F002EEA55 /* Constants.m */,
			);
			path = Constants;
			sourceTree = "<group>";
		};
		F27791F661814B7E9DBAB4F5 /* Views */ = {
			isa = PBXGroup;
			children = (
			);
			path = Views;
			sourceTree = "<group>";
		};
		F2786DE5CC8540BCA4606B11 /* Controllers */ = {
			isa = PBXGroup;
			children = (
			);
			path = Controllers;
			sourceTree = "<group>";
		};
		FB89160117034E769A329B3D /* Nibs */ = {
			isa = PBXGroup;
			children = (
			);
			path = Nibs;
			sourceTree = "<group>";
		};
/* End PBXGroup section */

/* Begin PBXNativeTarget section */
		2CD579BAD01E4D3192231D80 /* MatchedUp */ = {
			isa = PBXNativeTarget;
			buildConfigurationList = 7494BF7B776B42178D00B82A /* Build configuration list for PBXNativeTarget "MatchedUp" */;
			buildPhases = (
				254795F3A3344EC6888E9C6D /* Check Pods Manifest.lock */,
				D8BF218DA15C4871919A1F4E /* Sources */,
				26C700F9989146F3B8D27F5E /* Frameworks */,
				30B104BD537241D8B66C106C /* Resources */,
				55F5CA8E59EB4800BC852686 /* Warn for TODO and FIXME comments */,
				BD5001000DB74CA5ADD1CABC /* Copy Pods Resources */,
			);
			buildRules = (
			);
			dependencies = (
			);
			name = MatchedUp;
			productName = MatchedUp;
			productReference = 040568EAF48D45D1BB84D044 /* MatchedUp.app */;
			productType = "com.apple.product-type.application";
		};
		C7D2892F5B5C4DB2B1175AE7 /* UnitTests */ = {
			isa = PBXNativeTarget;
			buildConfigurationList = 72C48E4B194146178B67243B /* Build configuration list for PBXNativeTarget "UnitTests" */;
			buildPhases = (
				2B37E2D7B24642E294CB25EF /* Check Pods Manifest.lock */,
				2F733CEF98D24DFAA5E77AD4 /* Sources */,
				CAFA3B3B23A14BEBA8F64484 /* Frameworks */,
				35F930B5F14442F29E2BF310 /* Resources */,
				F083EA15EA5C4F1882BD4538 /* Copy Pods Resources */,
			);
			buildRules = (
			);
			dependencies = (
				0113CDD78E73478BB77E7774 /* PBXTargetDependency */,
			);
			name = UnitTests;
			productName = UnitTests;
			productReference = F70DBE4552C641049C4D89ED /* UnitTests.xctest */;
			productType = "com.apple.product-type.bundle.unit-test";
		};
/* End PBXNativeTarget section */

/* Begin PBXProject section */
		459140C9825F46A1AD77D02A /* Project object */ = {
			isa = PBXProject;
			attributes = {
				CLASSPREFIX = "";
				LastUpgradeCheck = 0500;
				ORGANIZATIONNAME = joegesualdo;
			};
			buildConfigurationList = 0D2D53B3C5A244309F34CB45 /* Build configuration list for PBXProject "MatchedUp" */;
			compatibilityVersion = "Xcode 3.2";
			developmentRegion = English;
			hasScannedForEncodings = 0;
			knownRegions = (
				en,
			);
			mainGroup = 8C9BC372CAE348DABA518A0C;
			productRefGroup = 08A4E6B23FC94A808304D551 /* Products */;
			projectDirPath = "";
			projectRoot = "";
			targets = (
				2CD579BAD01E4D3192231D80 /* MatchedUp */,
				C7D2892F5B5C4DB2B1175AE7 /* UnitTests */,
			);
		};
/* End PBXProject section */

/* Begin PBXResourcesBuildPhase section */
		30B104BD537241D8B66C106C /* Resources */ = {
			isa = PBXResourcesBuildPhase;
			buildActionMask = 2147483647;
			files = (
				E9E2B10119CB219E002EEA55 /* Keys.plist in Resources */,
				E9E2B0F919CB1535002EEA55 /* MainStoryboard.storyboard in Resources */,
				6BBB74730B6D4626A6E9A5C9 /* Images.xcassets in Resources */,
			);
			runOnlyForDeploymentPostprocessing = 0;
		};
		35F930B5F14442F29E2BF310 /* Resources */ = {
			isa = PBXResourcesBuildPhase;
			buildActionMask = 2147483647;
			files = (
			);
			runOnlyForDeploymentPostprocessing = 0;
		};
/* End PBXResourcesBuildPhase section */

/* Begin PBXShellScriptBuildPhase section */
		254795F3A3344EC6888E9C6D /* Check Pods Manifest.lock */ = {
			isa = PBXShellScriptBuildPhase;
			buildActionMask = 2147483647;
			files = (
			);
			inputPaths = (
			);
			name = "Check Pods Manifest.lock";
			outputPaths = (
			);
			runOnlyForDeploymentPostprocessing = 0;
			shellPath = /bin/sh;
			shellScript = "diff \"${PODS_ROOT}/../Podfile.lock\" \"${PODS_ROOT}/Manifest.lock\" > /dev/null\nif [[ $? != 0 ]] ; then\n    cat << EOM\nerror: The sandbox is not in sync with the Podfile.lock. Run 'pod install' or update your CocoaPods installation.\nEOM\n    exit 1\nfi\n";
			showEnvVarsInLog = 0;
		};
		2B37E2D7B24642E294CB25EF /* Check Pods Manifest.lock */ = {
			isa = PBXShellScriptBuildPhase;
			buildActionMask = 2147483647;
			files = (
			);
			inputPaths = (
			);
			name = "Check Pods Manifest.lock";
			outputPaths = (
			);
			runOnlyForDeploymentPostprocessing = 0;
			shellPath = /bin/sh;
			shellScript = "diff \"${PODS_ROOT}/../Podfile.lock\" \"${PODS_ROOT}/Manifest.lock\" > /dev/null\nif [[ $? != 0 ]] ; then\n    cat << EOM\nerror: The sandbox is not in sync with the Podfile.lock. Run 'pod install' or update your CocoaPods installation.\nEOM\n    exit 1\nfi\n";
			showEnvVarsInLog = 0;
		};
		55F5CA8E59EB4800BC852686 /* Warn for TODO and FIXME comments */ = {
			isa = PBXShellScriptBuildPhase;
			buildActionMask = 2147483647;
			files = (
			);
			inputPaths = (
			);
			name = "Warn for TODO and FIXME comments";
			outputPaths = (
			);
			runOnlyForDeploymentPostprocessing = 0;
			shellPath = /bin/sh;
			shellScript = "KEYWORDS=\"TODO:|FIXME:|\\?\\?\\?:|\\!\\!\\!:\"\nFILE_EXTENSIONS=\"h|m|mm|c|cpp\"\nfind -E \"${SRCROOT}\" -ipath \"${SRCROOT}/pods\" -prune -o \\( -regex \".*\\.($FILE_EXTENSIONS)$\" \\) -print0 | xargs -0 egrep --with-filename --line-number --only-matching \"($KEYWORDS).*\\$\" | perl -p -e \"s/($KEYWORDS)/ warning: \\$1/\"\n";
		};
		BD5001000DB74CA5ADD1CABC /* Copy Pods Resources */ = {
			isa = PBXShellScriptBuildPhase;
			buildActionMask = 2147483647;
			files = (
			);
			inputPaths = (
			);
			name = "Copy Pods Resources";
			outputPaths = (
			);
			runOnlyForDeploymentPostprocessing = 0;
			shellPath = /bin/sh;
			shellScript = "\"${SRCROOT}/Pods/Pods-resources.sh\"\n";
			showEnvVarsInLog = 0;
		};
		F083EA15EA5C4F1882BD4538 /* Copy Pods Resources */ = {
			isa = PBXShellScriptBuildPhase;
			buildActionMask = 2147483647;
			files = (
			);
			inputPaths = (
			);
			name = "Copy Pods Resources";
			outputPaths = (
			);
			runOnlyForDeploymentPostprocessing = 0;
			shellPath = /bin/sh;
			shellScript = "\"${SRCROOT}/Pods/Pods-unit_tests-resources.sh\"\n";
			showEnvVarsInLog = 0;
		};
/* End PBXShellScriptBuildPhase section */

/* Begin PBXSourcesBuildPhase section */
		2F733CEF98D24DFAA5E77AD4 /* Sources */ = {
			isa = PBXSourcesBuildPhase;
			buildActionMask = 2147483647;
			files = (
			);
			runOnlyForDeploymentPostprocessing = 0;
		};
		D8BF218DA15C4871919A1F4E /* Sources */ = {
			isa = PBXSourcesBuildPhase;
			buildActionMask = 2147483647;
			files = (
				CCFC21255AB345FA8C9EC40C /* AppDelegate.m in Sources */,
				6C72C30B078E48F38FB361F5 /* main.m in Sources */,
				E9E2B0FD19CB15FD002EEA55 /* LoginViewController.m in Sources */,
				E9E2B10519CB326F002EEA55 /* Constants.m in Sources */,
				E9EB4F1A19CB482700F1C27D /* ProfileViewController.m in Sources */,
				E9EB4F1E19CB4C2400F1C27D /* HomeViewController.m in Sources */,
				E9EB4F2219CB51FF00F1C27D /* SettingsViewController.m in Sources */,
			);
			runOnlyForDeploymentPostprocessing = 0;
		};
/* End PBXSourcesBuildPhase section */

/* Begin PBXTargetDependency section */
		0113CDD78E73478BB77E7774 /* PBXTargetDependency */ = {
			isa = PBXTargetDependency;
			target = 2CD579BAD01E4D3192231D80 /* MatchedUp */;
			targetProxy = D106DE783C234116A8939FC5 /* PBXContainerItemProxy */;
		};
/* End PBXTargetDependency section */

/* Begin XCBuildConfiguration section */
		2DA7BA1125844C699CE5F01E /* Debug */ = {
			isa = XCBuildConfiguration;
			buildSettings = {
				ALWAYS_SEARCH_USER_PATHS = NO;
				ASSETCATALOG_COMPILER_APPICON_NAME = AppIcon;
				ASSETCATALOG_COMPILER_LAUNCHIMAGE_NAME = LaunchImage;
				CLANG_CXX_LANGUAGE_STANDARD = "gnu++0x";
				CLANG_CXX_LIBRARY = "libc++";
				CLANG_ENABLE_MODULES = YES;
				CLANG_ENABLE_OBJC_ARC = YES;
				CLANG_WARN_BOOL_CONVERSION = YES;
				CLANG_WARN_CONSTANT_CONVERSION = YES;
				CLANG_WARN_DEPRECATED_OBJC_IMPLEMENTATIONS = YES;
				CLANG_WARN_DIRECT_OBJC_ISA_USAGE = YES_ERROR;
				CLANG_WARN_EMPTY_BODY = YES;
				CLANG_WARN_ENUM_CONVERSION = YES;
				CLANG_WARN_IMPLICIT_SIGN_CONVERSION = YES;
				CLANG_WARN_INT_CONVERSION = YES;
				CLANG_WARN_OBJC_IMPLICIT_RETAIN_SELF = YES;
				CLANG_WARN_OBJC_ROOT_CLASS = YES_ERROR;
				CLANG_WARN_SUSPICIOUS_IMPLICIT_CONVERSION = YES;
				"CODE_SIGN_IDENTITY[sdk=iphoneos*]" = "iPhone Developer";
				COPY_PHASE_STRIP = YES;
				GCC_C_LANGUAGE_STANDARD = gnu99;
				GCC_DYNAMIC_NO_PIC = NO;
				GCC_OPTIMIZATION_LEVEL = 0;
				GCC_PREPROCESSOR_DEFINITIONS = (
					"DEBUG=1",
					"$(inherited)",
				);
				GCC_SYMBOLS_PRIVATE_EXTERN = NO;
				GCC_WARN_64_TO_32_BIT_CONVERSION = YES;
				GCC_WARN_ABOUT_DEPRECATED_FUNCTIONS = YES;
				GCC_WARN_ABOUT_MISSING_FIELD_INITIALIZERS = YES;
				GCC_WARN_ABOUT_MISSING_NEWLINE = YES;
				GCC_WARN_ABOUT_RETURN_TYPE = YES;
				GCC_WARN_CHECK_SWITCH_STATEMENTS = YES;
				GCC_WARN_INITIALIZER_NOT_FULLY_BRACKETED = YES;
				GCC_WARN_MISSING_PARENTHESES = YES;
				GCC_WARN_SHADOW = YES;
				GCC_WARN_SIGN_COMPARE = YES;
				GCC_WARN_TYPECHECK_CALLS_TO_PRINTF = YES;
				GCC_WARN_UNDECLARED_SELECTOR = YES;
				GCC_WARN_UNINITIALIZED_AUTOS = YES;
				GCC_WARN_UNUSED_FUNCTION = YES;
				GCC_WARN_UNUSED_LABEL = YES;
				GCC_WARN_UNUSED_VALUE = YES;
				GCC_WARN_UNUSED_VARIABLE = YES;
				IPHONEOS_DEPLOYMENT_TARGET = 7.0;
				ONLY_ACTIVE_ARCH = YES;
				SDKROOT = iphoneos;
			};
			name = Debug;
		};
		46AF17627982469C876CD589 /* Release */ = {
			isa = XCBuildConfiguration;
			buildSettings = {
				ALWAYS_SEARCH_USER_PATHS = NO;
				ASSETCATALOG_COMPILER_APPICON_NAME = AppIcon;
				ASSETCATALOG_COMPILER_LAUNCHIMAGE_NAME = LaunchImage;
				CLANG_CXX_LANGUAGE_STANDARD = "gnu++0x";
				CLANG_CXX_LIBRARY = "libc++";
				CLANG_ENABLE_MODULES = YES;
				CLANG_ENABLE_OBJC_ARC = YES;
				CLANG_WARN_BOOL_CONVERSION = YES;
				CLANG_WARN_CONSTANT_CONVERSION = YES;
				CLANG_WARN_DEPRECATED_OBJC_IMPLEMENTATIONS = YES;
				CLANG_WARN_DIRECT_OBJC_ISA_USAGE = YES_ERROR;
				CLANG_WARN_EMPTY_BODY = YES;
				CLANG_WARN_ENUM_CONVERSION = YES;
				CLANG_WARN_IMPLICIT_SIGN_CONVERSION = YES;
				CLANG_WARN_INT_CONVERSION = YES;
				CLANG_WARN_OBJC_IMPLICIT_RETAIN_SELF = YES;
				CLANG_WARN_OBJC_ROOT_CLASS = YES_ERROR;
				CLANG_WARN_SUSPICIOUS_IMPLICIT_CONVERSION = YES;
				"CODE_SIGN_IDENTITY[sdk=iphoneos*]" = "iPhone Developer";
				COPY_PHASE_STRIP = NO;
				ENABLE_NS_ASSERTIONS = NO;
				GCC_C_LANGUAGE_STANDARD = gnu99;
				GCC_WARN_64_TO_32_BIT_CONVERSION = YES;
				GCC_WARN_ABOUT_DEPRECATED_FUNCTIONS = YES;
				GCC_WARN_ABOUT_MISSING_FIELD_INITIALIZERS = YES;
				GCC_WARN_ABOUT_MISSING_NEWLINE = YES;
				GCC_WARN_ABOUT_RETURN_TYPE = YES;
				GCC_WARN_CHECK_SWITCH_STATEMENTS = YES;
				GCC_WARN_INITIALIZER_NOT_FULLY_BRACKETED = YES;
				GCC_WARN_MISSING_PARENTHESES = YES;
				GCC_WARN_SHADOW = YES;
				GCC_WARN_SIGN_COMPARE = YES;
				GCC_WARN_TYPECHECK_CALLS_TO_PRINTF = YES;
				GCC_WARN_UNDECLARED_SELECTOR = YES;
				GCC_WARN_UNINITIALIZED_AUTOS = YES;
				GCC_WARN_UNUSED_FUNCTION = YES;
				GCC_WARN_UNUSED_LABEL = YES;
				GCC_WARN_UNUSED_VALUE = YES;
				GCC_WARN_UNUSED_VARIABLE = YES;
				IPHONEOS_DEPLOYMENT_TARGET = 7.0;
				SDKROOT = iphoneos;
				VALIDATE_PRODUCT = YES;
			};
			name = Release;
		};
		6E4E2C54EE194DC0849EEC52 /* Debug */ = {
			isa = XCBuildConfiguration;
			baseConfigurationReference = 20DFCE42C5364DC798E7FBF7 /* Pods.xcconfig */;
			buildSettings = {
				ALWAYS_SEARCH_USER_PATHS = NO;
				COPY_PHASE_STRIP = NO;
				DSTROOT = /tmp/xcodeproj.dst;
				GCC_C_LANGUAGE_STANDARD = gnu99;
				GCC_DYNAMIC_NO_PIC = NO;
				GCC_OPTIMIZATION_LEVEL = 0;
				GCC_PRECOMPILE_PREFIX_HEADER = YES;
				GCC_PREFIX_HEADER = "MatchedUp/Resources/Other-Sources/MatchedUp-Prefix.pch";
				GCC_PREPROCESSOR_DEFINITIONS = (
					"DEBUG=1",
					"$(inherited)",
				);
				GCC_SYMBOLS_PRIVATE_EXTERN = NO;
				GCC_VERSION = com.apple.compilers.llvm.clang.1_0;
				INFOPLIST_FILE = "MatchedUp/Resources/Other-Sources/MatchedUp-Info.plist";
				INSTALL_PATH = "$(BUILT_PRODUCTS_DIR)";
				PRODUCT_NAME = "$(TARGET_NAME)";
				PUBLIC_HEADERS_FOLDER_PATH = "$(TARGET_NAME)";
				SDKROOT = iphoneos;
			};
			name = Debug;
		};
		7EFCC2ECF5A843708EB3C773 /* Debug */ = {
			isa = XCBuildConfiguration;
			baseConfigurationReference = 3A55657FA2E04E91A8272617 /* Pods-unit_tests.xcconfig */;
			buildSettings = {
				BUNDLE_LOADER = "$(BUILT_PRODUCTS_DIR)/MatchedUp.app/MatchedUp";
				FRAMEWORK_SEARCH_PATHS = (
					"$(SDKROOT)/Developer/Library/Frameworks",
					"$(inherited)",
					"$(DEVELOPER_FRAMEWORKS_DIR)",
				);
				GCC_PREFIX_HEADER = "UnitTests/Resources/UnitTests-Prefix.pch";
				INFOPLIST_FILE = "UnitTests/Resources/UnitTests-Info.plist";
				PRODUCT_NAME = "$(TARGET_NAME)";
				SDKROOT = iphoneos;
				SKIP_INSTALL = YES;
				TEST_HOST = "$(BUNDLE_LOADER)";
				WRAPPER_EXTENSION = xctest;
			};
			name = Debug;
		};
		CF12DB3D433C4EF284D4F5ED /* Release */ = {
			isa = XCBuildConfiguration;
			baseConfigurationReference = 20DFCE42C5364DC798E7FBF7 /* Pods.xcconfig */;
			buildSettings = {
				ALWAYS_SEARCH_USER_PATHS = NO;
				COPY_PHASE_STRIP = YES;
				DSTROOT = /tmp/xcodeproj.dst;
				GCC_C_LANGUAGE_STANDARD = gnu99;
				GCC_PRECOMPILE_PREFIX_HEADER = YES;
				GCC_PREFIX_HEADER = "MatchedUp/Resources/Other-Sources/MatchedUp-Prefix.pch";
				GCC_TREAT_WARNINGS_AS_ERRORS = YES;
				GCC_VERSION = com.apple.compilers.llvm.clang.1_0;
				INFOPLIST_FILE = "MatchedUp/Resources/Other-Sources/MatchedUp-Info.plist";
				INSTALL_PATH = "$(BUILT_PRODUCTS_DIR)";
				OTHER_CFLAGS = (
					"-DNS_BLOCK_ASSERTIONS=1",
					"$(inherited)",
				);
				OTHER_CPLUSPLUSFLAGS = (
					"-DNS_BLOCK_ASSERTIONS=1",
					"$(inherited)",
				);
				PRODUCT_NAME = "$(TARGET_NAME)";
				PUBLIC_HEADERS_FOLDER_PATH = "$(TARGET_NAME)";
				SDKROOT = iphoneos;
				VALIDATE_PRODUCT = YES;
			};
			name = Release;
		};
		D4EB1287556445F09B863963 /* Release */ = {
			isa = XCBuildConfiguration;
			baseConfigurationReference = 3A55657FA2E04E91A8272617 /* Pods-unit_tests.xcconfig */;
			buildSettings = {
				BUNDLE_LOADER = "$(BUILT_PRODUCTS_DIR)/MatchedUp.app/MatchedUp";
				FRAMEWORK_SEARCH_PATHS = (
					"$(SDKROOT)/Developer/Library/Frameworks",
					"$(inherited)",
					"$(DEVELOPER_FRAMEWORKS_DIR)",
				);
				GCC_PREFIX_HEADER = "UnitTests/Resources/UnitTests-Prefix.pch";
				INFOPLIST_FILE = "UnitTests/Resources/UnitTests-Info.plist";
				PRODUCT_NAME = "$(TARGET_NAME)";
				SDKROOT = iphoneos;
				SKIP_INSTALL = YES;
				TEST_HOST = "$(BUNDLE_LOADER)";
				WRAPPER_EXTENSION = xctest;
			};
			name = Release;
		};
/* End XCBuildConfiguration section */

/* Begin XCConfigurationList section */
		0D2D53B3C5A244309F34CB45 /* Build configuration list for PBXProject "MatchedUp" */ = {
			isa = XCConfigurationList;
			buildConfigurations = (
				2DA7BA1125844C699CE5F01E /* Debug */,
				46AF17627982469C876CD589 /* Release */,
			);
			defaultConfigurationIsVisible = 0;
			defaultConfigurationName = Release;
		};
		72C48E4B194146178B67243B /* Build configuration list for PBXNativeTarget "UnitTests" */ = {
			isa = XCConfigurationList;
			buildConfigurations = (
				D4EB1287556445F09B863963 /* Release */,
				7EFCC2ECF5A843708EB3C773 /* Debug */,
			);
			defaultConfigurationIsVisible = 0;
			defaultConfigurationName = Release;
		};
		7494BF7B776B42178D00B82A /* Build configuration list for PBXNativeTarget "MatchedUp" */ = {
			isa = XCConfigurationList;
			buildConfigurations = (
				CF12DB3D433C4EF284D4F5ED /* Release */,
				6E4E2C54EE194DC0849EEC52 /* Debug */,
			);
			defaultConfigurationIsVisible = 0;
			defaultConfigurationName = Release;
		};
/* End XCConfigurationList section */
	};
	rootObject = 459140C9825F46A1AD77D02A /* Project object */;
}
